
Microsoft Visual Studio Solution File, Format Version 12.00
# Visual Studio Version 16
VisualStudioVersion = 16.0.30406.217
MinimumVisualStudioVersion = 10.0.40219.1
Project("{FAE04EC0-301F-11D3-BF4B-00C04F79EFBC}") = "WPF-Study", "WPF-Study\WPF-Study.csproj", "{238353F2-DA0A-47C9-ADBE-CF77649F645C}"
EndProject
Global
	GlobalSection(SolutionConfigurationPlatforms) = preSolution
		Debug|Any CPU = Debug|Any CPU
		Release|Any CPU = Release|Any CPU
	EndGlobalSection
	GlobalSection(ProjectConfigurationPlatforms) = postSolution
		{238353F2-DA0A-47C9-ADBE-CF77649F645C}.Debug|Any CPU.ActiveCfg = Debug|Any CPU
		{238353F2-DA0A-47C9-ADBE-CF77649F645C}.Debug|Any CPU.Build.0 = Debug|Any CPU
		{238353F2-DA0A-47C9-ADBE-CF77649F645C}.Release|Any CPU.ActiveCfg = Release|Any CPU
		{238353F2-DA0A-47C9-ADBE-CF77649F645C}.Release|Any CPU.Build.0 = Release|Any CPU
	EndGlobalSection
	GlobalSection(SolutionProperties) = preSolution
		HideSolutionNode = FALSE
	EndGlobalSection
	GlobalSection(ExtensibilityGlobals) = postSolution
		SolutionGuid = {8DD1E895-1697-4CD3-9DA3-2FF9E3468162}
	EndGlobalSection
EndGlobal
